{
  "name": "generic-rep",
  "version": "1.0.0",
  "lockfileVersion": 1,
  "requires": true,
  "dependencies": {
    "typescript": {
      "version": "4.6.0-dev.20211216",
      "resolved": "https://registry.npmjs.org/typescript/-/typescript-4.6.0-dev.20211216.tgz",
      "integrity": "sha512-MD8GjFCjse54hB+dopyZ3D3nY5cWDZujrShDKAWOrUsO0++mtSPCrE9WUOZuAORY6wQn8nUA6yl3Uwva7Inwyg=="
    }
  }
}
